// !$*UTF8*$!
{
	archiveVersion = 1;
	classes = {
	};
	objectVersion = 56;
	objects = {

/* Begin PBXBuildFile section */
		121D2EEF2A2A5A6400BFF0B1 /* AppComponent.swift in Sources */ = {isa = PBXBuildFile; fileRef = 121D2EEE2A2A5A6400BFF0B1 /* AppComponent.swift */; };
		121D2EF12A2A5CA500BFF0B1 /* AppCoordinator.swift in Sources */ = {isa = PBXBuildFile; fileRef = 121D2EF02A2A5CA500BFF0B1 /* AppCoordinator.swift */; };
		121D2EF82A2A708A00BFF0B1 /* WeatherDisplayComponent.swift in Sources */ = {isa = PBXBuildFile; fileRef = 121D2EF72A2A708A00BFF0B1 /* WeatherDisplayComponent.swift */; };
		121D2EFA2A2A709C00BFF0B1 /* WeatherDisplayViewCoordinator.swift in Sources */ = {isa = PBXBuildFile; fileRef = 121D2EF92A2A709C00BFF0B1 /* WeatherDisplayViewCoordinator.swift */; };
		121D2EFC2A2A70BA00BFF0B1 /* SearchComponent.swift in Sources */ = {isa = PBXBuildFile; fileRef = 121D2EFB2A2A70BA00BFF0B1 /* SearchComponent.swift */; };
		121D2EFF2A2A70D200BFF0B1 /* SearchViewCoordinator.swift in Sources */ = {isa = PBXBuildFile; fileRef = 121D2EFE2A2A70D200BFF0B1 /* SearchViewCoordinator.swift */; };
		121D2F012A2A71C000BFF0B1 /* NetworkService.swift in Sources */ = {isa = PBXBuildFile; fileRef = 121D2F002A2A71C000BFF0B1 /* NetworkService.swift */; };
		121D2F032A2A813800BFF0B1 /* WeatherNetworkService.swift in Sources */ = {isa = PBXBuildFile; fileRef = 121D2F022A2A813800BFF0B1 /* WeatherNetworkService.swift */; };
		121D2F052A2A830A00BFF0B1 /* Weather.swift in Sources */ = {isa = PBXBuildFile; fileRef = 121D2F042A2A830A00BFF0B1 /* Weather.swift */; };
		121D2F072A2A881000BFF0B1 /* WeatherMapper.swift in Sources */ = {isa = PBXBuildFile; fileRef = 121D2F062A2A881000BFF0B1 /* WeatherMapper.swift */; };
		121D2F092A2A89B200BFF0B1 /* CurrentWeatherRequest.swift in Sources */ = {isa = PBXBuildFile; fileRef = 121D2F082A2A89B200BFF0B1 /* CurrentWeatherRequest.swift */; };
		121D2F0C2A2A987700BFF0B1 /* Kingfisher in Frameworks */ = {isa = PBXBuildFile; productRef = 121D2F0B2A2A987700BFF0B1 /* Kingfisher */; };
		121D2F102A2A9AFC00BFF0B1 /* NetworkRequest.swift in Sources */ = {isa = PBXBuildFile; fileRef = 121D2F0F2A2A9AFC00BFF0B1 /* NetworkRequest.swift */; };
		121D2F122A2A9B1700BFF0B1 /* WeatherSessionDecorator.swift in Sources */ = {isa = PBXBuildFile; fileRef = 121D2F112A2A9B1700BFF0B1 /* WeatherSessionDecorator.swift */; };
		121D2F152A2AA2A400BFF0B1 /* UIViewController+Embed.swift in Sources */ = {isa = PBXBuildFile; fileRef = 121D2F142A2AA2A400BFF0B1 /* UIViewController+Embed.swift */; };
		121D2F172A2AA4E500BFF0B1 /* WeatherDisplayContentView.swift in Sources */ = {isa = PBXBuildFile; fileRef = 121D2F162A2AA4E500BFF0B1 /* WeatherDisplayContentView.swift */; };
		121D2F192A2AAB5B00BFF0B1 /* WeatherDisplayViewModel.swift in Sources */ = {isa = PBXBuildFile; fileRef = 121D2F182A2AAB5B00BFF0B1 /* WeatherDisplayViewModel.swift */; };
		121D2F1C2A2AAC9B00BFF0B1 /* WeatherDisplayDomainModel.swift in Sources */ = {isa = PBXBuildFile; fileRef = 121D2F1B2A2AAC9B00BFF0B1 /* WeatherDisplayDomainModel.swift */; };
		121D2F1F2A2BAA8100BFF0B1 /* LocationService.swift in Sources */ = {isa = PBXBuildFile; fileRef = 121D2F1E2A2BAA8100BFF0B1 /* LocationService.swift */; };
		122997442A3D19FB0073BFFB /* Toaster in Frameworks */ = {isa = PBXBuildFile; productRef = 122997432A3D19FB0073BFFB /* Toaster */; };
		1263F37C2A2A48B700CD5A05 /* AppDelegate.swift in Sources */ = {isa = PBXBuildFile; fileRef = 1263F37B2A2A48B700CD5A05 /* AppDelegate.swift */; };
		1263F37E2A2A48B700CD5A05 /* SceneDelegate.swift in Sources */ = {isa = PBXBuildFile; fileRef = 1263F37D2A2A48B700CD5A05 /* SceneDelegate.swift */; };
		1263F3802A2A48B700CD5A05 /* WeatherDisplayViewController.swift in Sources */ = {isa = PBXBuildFile; fileRef = 1263F37F2A2A48B700CD5A05 /* WeatherDisplayViewController.swift */; };
		1263F3852A2A48BA00CD5A05 /* Assets.xcassets in Resources */ = {isa = PBXBuildFile; fileRef = 1263F3842A2A48BA00CD5A05 /* Assets.xcassets */; };
		1263F3882A2A48BA00CD5A05 /* LaunchScreen.storyboard in Resources */ = {isa = PBXBuildFile; fileRef = 1263F3862A2A48BA00CD5A05 /* LaunchScreen.storyboard */; };
		1263F3962A2A4F8900CD5A05 /* NeedleFoundation in Frameworks */ = {isa = PBXBuildFile; productRef = 1263F3952A2A4F8900CD5A05 /* NeedleFoundation */; };
		1263F3982A2A555600CD5A05 /* Coordinator.swift in Sources */ = {isa = PBXBuildFile; fileRef = 1263F3972A2A555600CD5A05 /* Coordinator.swift */; };
		1263F39C2A2A56EE00CD5A05 /* NeedleGenerated.swift in Sources */ = {isa = PBXBuildFile; fileRef = 1263F39B2A2A56EE00CD5A05 /* NeedleGenerated.swift */; };
		12BC81102A38D32E00CECC44 /* RequestDecorator.swift in Sources */ = {isa = PBXBuildFile; fileRef = 12BC810F2A38D32E00CECC44 /* RequestDecorator.swift */; };
		12BC81122A38EF5600CECC44 /* Deserializer.swift in Sources */ = {isa = PBXBuildFile; fileRef = 12BC81112A38EF5600CECC44 /* Deserializer.swift */; };
		12BC81142A3A270C00CECC44 /* Serializer.swift in Sources */ = {isa = PBXBuildFile; fileRef = 12BC81132A3A270C00CECC44 /* Serializer.swift */; };
		12C72B742A2E42F600A2E136 /* Coordinate.swift in Sources */ = {isa = PBXBuildFile; fileRef = 12C72B732A2E42F600A2E136 /* Coordinate.swift */; };
		12C72B762A2E72E000A2E136 /* SelectedWeatherLocation.swift in Sources */ = {isa = PBXBuildFile; fileRef = 12C72B752A2E72E000A2E136 /* SelectedWeatherLocation.swift */; };
		12C72B792A2E842E00A2E136 /* LoadingIndicatorView.swift in Sources */ = {isa = PBXBuildFile; fileRef = 12C72B782A2E842E00A2E136 /* LoadingIndicatorView.swift */; };
		12E7C2A92A2D15C2007C6AEB /* WeatherView.swift in Sources */ = {isa = PBXBuildFile; fileRef = 12E7C2A82A2D15C2007C6AEB /* WeatherView.swift */; };
		12E7C2B02A2D3AEA007C6AEB /* SearchViewController.swift in Sources */ = {isa = PBXBuildFile; fileRef = 12E7C2AF2A2D3AEA007C6AEB /* SearchViewController.swift */; };
		12E7C2B22A2D3B4A007C6AEB /* SearchViewModel.swift in Sources */ = {isa = PBXBuildFile; fileRef = 12E7C2B12A2D3B4A007C6AEB /* SearchViewModel.swift */; };
		12E7C2B42A2D3B55007C6AEB /* SearchDomainModel.swift in Sources */ = {isa = PBXBuildFile; fileRef = 12E7C2B32A2D3B55007C6AEB /* SearchDomainModel.swift */; };
		12E7C2B62A2D3B62007C6AEB /* SearchContentView.swift in Sources */ = {isa = PBXBuildFile; fileRef = 12E7C2B52A2D3B62007C6AEB /* SearchContentView.swift */; };
		12E7C2B92A2D4381007C6AEB /* GeocodeLocationRequest.swift in Sources */ = {isa = PBXBuildFile; fileRef = 12E7C2B82A2D4381007C6AEB /* GeocodeLocationRequest.swift */; };
		12E7C2BD2A2D45FD007C6AEB /* WeatherLocation.swift in Sources */ = {isa = PBXBuildFile; fileRef = 12E7C2BC2A2D45FD007C6AEB /* WeatherLocation.swift */; };
		12E7C2BF2A2D4775007C6AEB /* WeatherLocationMapper.swift in Sources */ = {isa = PBXBuildFile; fileRef = 12E7C2BE2A2D4775007C6AEB /* WeatherLocationMapper.swift */; };
		12E7C2C12A2D49E1007C6AEB /* SelectedLocationRepository.swift in Sources */ = {isa = PBXBuildFile; fileRef = 12E7C2C02A2D49E1007C6AEB /* SelectedLocationRepository.swift */; };
		12E7C2C42A2D4C50007C6AEB /* UserDefaultsStorage.swift in Sources */ = {isa = PBXBuildFile; fileRef = 12E7C2C32A2D4C50007C6AEB /* UserDefaultsStorage.swift */; };
/* End PBXBuildFile section */

/* Begin PBXFileReference section */
		121D2EEE2A2A5A6400BFF0B1 /* AppComponent.swift */ = {isa = PBXFileReference; lastKnownFileType = sourcecode.swift; path = AppComponent.swift; sourceTree = "<group>"; };
		121D2EF02A2A5CA500BFF0B1 /* AppCoordinator.swift */ = {isa = PBXFileReference; lastKnownFileType = sourcecode.swift; path = AppCoordinator.swift; sourceTree = "<group>"; };
		121D2EF72A2A708A00BFF0B1 /* WeatherDisplayComponent.swift */ = {isa = PBXFileReference; lastKnownFileType = sourcecode.swift; path = WeatherDisplayComponent.swift; sourceTree = "<group>"; };
		121D2EF92A2A709C00BFF0B1 /* WeatherDisplayViewCoordinator.swift */ = {isa = PBXFileReference; lastKnownFileType = sourcecode.swift; path = WeatherDisplayViewCoordinator.swift; sourceTree = "<group>"; };
		121D2EFB2A2A70BA00BFF0B1 /* SearchComponent.swift */ = {isa = PBXFileReference; lastKnownFileType = sourcecode.swift; path = SearchComponent.swift; sourceTree = "<group>"; };
		121D2EFE2A2A70D200BFF0B1 /* SearchViewCoordinator.swift */ = {isa = PBXFileReference; lastKnownFileType = sourcecode.swift; path = SearchViewCoordinator.swift; sourceTree = "<group>"; };
		121D2F002A2A71C000BFF0B1 /* NetworkService.swift */ = {isa = PBXFileReference; lastKnownFileType = sourcecode.swift; path = NetworkService.swift; sourceTree = "<group>"; };
		121D2F022A2A813800BFF0B1 /* WeatherNetworkService.swift */ = {isa = PBXFileReference; lastKnownFileType = sourcecode.swift; path = WeatherNetworkService.swift; sourceTree = "<group>"; };
		121D2F042A2A830A00BFF0B1 /* Weather.swift */ = {isa = PBXFileReference; lastKnownFileType = sourcecode.swift; path = Weather.swift; sourceTree = "<group>"; };
		121D2F062A2A881000BFF0B1 /* WeatherMapper.swift */ = {isa = PBXFileReference; lastKnownFileType = sourcecode.swift; path = WeatherMapper.swift; sourceTree = "<group>"; };
		121D2F082A2A89B200BFF0B1 /* CurrentWeatherRequest.swift */ = {isa = PBXFileReference; lastKnownFileType = sourcecode.swift; path = CurrentWeatherRequest.swift; sourceTree = "<group>"; };
		121D2F0F2A2A9AFC00BFF0B1 /* NetworkRequest.swift */ = {isa = PBXFileReference; lastKnownFileType = sourcecode.swift; path = NetworkRequest.swift; sourceTree = "<group>"; };
		121D2F112A2A9B1700BFF0B1 /* WeatherSessionDecorator.swift */ = {isa = PBXFileReference; lastKnownFileType = sourcecode.swift; path = WeatherSessionDecorator.swift; sourceTree = "<group>"; };
		121D2F142A2AA2A400BFF0B1 /* UIViewController+Embed.swift */ = {isa = PBXFileReference; lastKnownFileType = sourcecode.swift; path = "UIViewController+Embed.swift"; sourceTree = "<group>"; };
		121D2F162A2AA4E500BFF0B1 /* WeatherDisplayContentView.swift */ = {isa = PBXFileReference; lastKnownFileType = sourcecode.swift; path = WeatherDisplayContentView.swift; sourceTree = "<group>"; };
		121D2F182A2AAB5B00BFF0B1 /* WeatherDisplayViewModel.swift */ = {isa = PBXFileReference; lastKnownFileType = sourcecode.swift; path = WeatherDisplayViewModel.swift; sourceTree = "<group>"; };
		121D2F1B2A2AAC9B00BFF0B1 /* WeatherDisplayDomainModel.swift */ = {isa = PBXFileReference; lastKnownFileType = sourcecode.swift; path = WeatherDisplayDomainModel.swift; sourceTree = "<group>"; };
		121D2F1E2A2BAA8100BFF0B1 /* LocationService.swift */ = {isa = PBXFileReference; lastKnownFileType = sourcecode.swift; path = LocationService.swift; sourceTree = "<group>"; };
		1263F3782A2A48B700CD5A05 /* WeatherApp.app */ = {isa = PBXFileReference; explicitFileType = wrapper.application; includeInIndex = 0; path = WeatherApp.app; sourceTree = BUILT_PRODUCTS_DIR; };
		1263F37B2A2A48B700CD5A05 /* AppDelegate.swift */ = {isa = PBXFileReference; lastKnownFileType = sourcecode.swift; path = AppDelegate.swift; sourceTree = "<group>"; };
		1263F37D2A2A48B700CD5A05 /* SceneDelegate.swift */ = {isa = PBXFileReference; lastKnownFileType = sourcecode.swift; path = SceneDelegate.swift; sourceTree = "<group>"; };
		1263F37F2A2A48B700CD5A05 /* WeatherDisplayViewController.swift */ = {isa = PBXFileReference; lastKnownFileType = sourcecode.swift; path = WeatherDisplayViewController.swift; sourceTree = "<group>"; };
		1263F3842A2A48BA00CD5A05 /* Assets.xcassets */ = {isa = PBXFileReference; lastKnownFileType = folder.assetcatalog; path = Assets.xcassets; sourceTree = "<group>"; };
		1263F3872A2A48BA00CD5A05 /* Base */ = {isa = PBXFileReference; lastKnownFileType = file.storyboard; name = Base; path = Base.lproj/LaunchScreen.storyboard; sourceTree = "<group>"; };
		1263F3892A2A48BA00CD5A05 /* Info.plist */ = {isa = PBXFileReference; lastKnownFileType = text.plist.xml; path = Info.plist; sourceTree = "<group>"; };
		1263F3972A2A555600CD5A05 /* Coordinator.swift */ = {isa = PBXFileReference; lastKnownFileType = sourcecode.swift; path = Coordinator.swift; sourceTree = "<group>"; };
		1263F39B2A2A56EE00CD5A05 /* NeedleGenerated.swift */ = {isa = PBXFileReference; lastKnownFileType = sourcecode.swift; path = NeedleGenerated.swift; sourceTree = "<group>"; };
		12BC810F2A38D32E00CECC44 /* RequestDecorator.swift */ = {isa = PBXFileReference; lastKnownFileType = sourcecode.swift; path = RequestDecorator.swift; sourceTree = "<group>"; };
		12BC81112A38EF5600CECC44 /* Deserializer.swift */ = {isa = PBXFileReference; lastKnownFileType = sourcecode.swift; path = Deserializer.swift; sourceTree = "<group>"; };
		12BC81132A3A270C00CECC44 /* Serializer.swift */ = {isa = PBXFileReference; lastKnownFileType = sourcecode.swift; path = Serializer.swift; sourceTree = "<group>"; };
		12C72B732A2E42F600A2E136 /* Coordinate.swift */ = {isa = PBXFileReference; lastKnownFileType = sourcecode.swift; path = Coordinate.swift; sourceTree = "<group>"; };
		12C72B752A2E72E000A2E136 /* SelectedWeatherLocation.swift */ = {isa = PBXFileReference; lastKnownFileType = sourcecode.swift; path = SelectedWeatherLocation.swift; sourceTree = "<group>"; };
		12C72B782A2E842E00A2E136 /* LoadingIndicatorView.swift */ = {isa = PBXFileReference; lastKnownFileType = sourcecode.swift; path = LoadingIndicatorView.swift; sourceTree = "<group>"; };
		12E7C2A82A2D15C2007C6AEB /* WeatherView.swift */ = {isa = PBXFileReference; lastKnownFileType = sourcecode.swift; path = WeatherView.swift; sourceTree = "<group>"; };
		12E7C2AF2A2D3AEA007C6AEB /* SearchViewController.swift */ = {isa = PBXFileReference; lastKnownFileType = sourcecode.swift; path = SearchViewController.swift; sourceTree = "<group>"; };
		12E7C2B12A2D3B4A007C6AEB /* SearchViewModel.swift */ = {isa = PBXFileReference; lastKnownFileType = sourcecode.swift; path = SearchViewModel.swift; sourceTree = "<group>"; };
		12E7C2B32A2D3B55007C6AEB /* SearchDomainModel.swift */ = {isa = PBXFileReference; lastKnownFileType = sourcecode.swift; path = SearchDomainModel.swift; sourceTree = "<group>"; };
		12E7C2B52A2D3B62007C6AEB /* SearchContentView.swift */ = {isa = PBXFileReference; lastKnownFileType = sourcecode.swift; path = SearchContentView.swift; sourceTree = "<group>"; };
		12E7C2B82A2D4381007C6AEB /* GeocodeLocationRequest.swift */ = {isa = PBXFileReference; lastKnownFileType = sourcecode.swift; path = GeocodeLocationRequest.swift; sourceTree = "<group>"; };
		12E7C2BC2A2D45FD007C6AEB /* WeatherLocation.swift */ = {isa = PBXFileReference; lastKnownFileType = sourcecode.swift; path = WeatherLocation.swift; sourceTree = "<group>"; };
		12E7C2BE2A2D4775007C6AEB /* WeatherLocationMapper.swift */ = {isa = PBXFileReference; lastKnownFileType = sourcecode.swift; path = WeatherLocationMapper.swift; sourceTree = "<group>"; };
		12E7C2C02A2D49E1007C6AEB /* SelectedLocationRepository.swift */ = {isa = PBXFileReference; lastKnownFileType = sourcecode.swift; path = SelectedLocationRepository.swift; sourceTree = "<group>"; };
		12E7C2C32A2D4C50007C6AEB /* UserDefaultsStorage.swift */ = {isa = PBXFileReference; lastKnownFileType = sourcecode.swift; path = UserDefaultsStorage.swift; sourceTree = "<group>"; };
/* End PBXFileReference section */

/* Begin PBXFrameworksBuildPhase section */
		1263F3752A2A48B700CD5A05 /* Frameworks */ = {
			isa = PBXFrameworksBuildPhase;
			buildActionMask = 2147483647;
			files = (
				122997442A3D19FB0073BFFB /* Toaster in Frameworks */,
				121D2F0C2A2A987700BFF0B1 /* Kingfisher in Frameworks */,
				1263F3962A2A4F8900CD5A05 /* NeedleFoundation in Frameworks */,
			);
			runOnlyForDeploymentPostprocessing = 0;
		};
/* End PBXFrameworksBuildPhase section */

/* Begin PBXGroup section */
		121D2EF22A2A5FFC00BFF0B1 /* App */ = {
			isa = PBXGroup;
			children = (
				1263F37D2A2A48B700CD5A05 /* SceneDelegate.swift */,
				1263F37B2A2A48B700CD5A05 /* AppDelegate.swift */,
				121D2EEE2A2A5A6400BFF0B1 /* AppComponent.swift */,
				121D2EF02A2A5CA500BFF0B1 /* AppCoordinator.swift */,
			);
			path = App;
			sourceTree = "<group>";
		};
		121D2EF32A2A6A2700BFF0B1 /* Main */ = {
			isa = PBXGroup;
			children = (
				121D2F1A2A2AAB7100BFF0B1 /* View */,
				121D2EF72A2A708A00BFF0B1 /* WeatherDisplayComponent.swift */,
				121D2F182A2AAB5B00BFF0B1 /* WeatherDisplayViewModel.swift */,
				121D2F1B2A2AAC9B00BFF0B1 /* WeatherDisplayDomainModel.swift */,
				121D2EF92A2A709C00BFF0B1 /* WeatherDisplayViewCoordinator.swift */,
			);
			path = Main;
			sourceTree = "<group>";
		};
		121D2EFD2A2A70C100BFF0B1 /* Search */ = {
			isa = PBXGroup;
			children = (
				121D2EFB2A2A70BA00BFF0B1 /* SearchComponent.swift */,
				12E7C2B72A2D3B6B007C6AEB /* View */,
				12E7C2B32A2D3B55007C6AEB /* SearchDomainModel.swift */,
				12E7C2B12A2D3B4A007C6AEB /* SearchViewModel.swift */,
				121D2EFE2A2A70D200BFF0B1 /* SearchViewCoordinator.swift */,
			);
			path = Search;
			sourceTree = "<group>";
		};
		121D2F0D2A2A9A3600BFF0B1 /* Network */ = {
			isa = PBXGroup;
			children = (
				121D2F002A2A71C000BFF0B1 /* NetworkService.swift */,
				12BC810F2A38D32E00CECC44 /* RequestDecorator.swift */,
				121D2F0F2A2A9AFC00BFF0B1 /* NetworkRequest.swift */,
				12BC81112A38EF5600CECC44 /* Deserializer.swift */,
				12BC81132A3A270C00CECC44 /* Serializer.swift */,
				121D2F0E2A2A9A3E00BFF0B1 /* Weather */,
			);
			path = Network;
			sourceTree = "<group>";
		};
		121D2F0E2A2A9A3E00BFF0B1 /* Weather */ = {
			isa = PBXGroup;
			children = (
				121D2F112A2A9B1700BFF0B1 /* WeatherSessionDecorator.swift */,
				121D2F022A2A813800BFF0B1 /* WeatherNetworkService.swift */,
				12E7C2BA2A2D456F007C6AEB /* CurrentWeather */,
				12E7C2BB2A2D4579007C6AEB /* Geocoding */,
			);
			path = Weather;
			sourceTree = "<group>";
		};
		121D2F132A2AA28600BFF0B1 /* Extensions */ = {
			isa = PBXGroup;
			children = (
				121D2F142A2AA2A400BFF0B1 /* UIViewController+Embed.swift */,
			);
			path = Extensions;
			sourceTree = "<group>";
		};
		121D2F1A2A2AAB7100BFF0B1 /* View */ = {
			isa = PBXGroup;
			children = (
				1263F37F2A2A48B700CD5A05 /* WeatherDisplayViewController.swift */,
				121D2F162A2AA4E500BFF0B1 /* WeatherDisplayContentView.swift */,
				12E7C2A82A2D15C2007C6AEB /* WeatherView.swift */,
			);
			path = View;
			sourceTree = "<group>";
		};
		121D2F1D2A2BA54700BFF0B1 /* Location */ = {
			isa = PBXGroup;
			children = (
				121D2F1E2A2BAA8100BFF0B1 /* LocationService.swift */,
			);
			path = Location;
			sourceTree = "<group>";
		};
		1263F36F2A2A48B700CD5A05 = {
			isa = PBXGroup;
			children = (
				1263F37A2A2A48B700CD5A05 /* WeatherApp */,
				1263F3792A2A48B700CD5A05 /* Products */,
			);
			sourceTree = "<group>";
		};
		1263F3792A2A48B700CD5A05 /* Products */ = {
			isa = PBXGroup;
			children = (
				1263F3782A2A48B700CD5A05 /* WeatherApp.app */,
			);
			name = Products;
			sourceTree = "<group>";
		};
		1263F37A2A2A48B700CD5A05 /* WeatherApp */ = {
			isa = PBXGroup;
			children = (
				1263F39A2A2A569500CD5A05 /* Generated */,
				1263F3902A2A4A8700CD5A05 /* Classes */,
				1263F38F2A2A49C300CD5A05 /* Resources */,
			);
			path = WeatherApp;
			sourceTree = "<group>";
		};
		1263F38F2A2A49C300CD5A05 /* Resources */ = {
			isa = PBXGroup;
			children = (
				1263F3842A2A48BA00CD5A05 /* Assets.xcassets */,
				1263F3862A2A48BA00CD5A05 /* LaunchScreen.storyboard */,
				1263F3892A2A48BA00CD5A05 /* Info.plist */,
			);
			path = Resources;
			sourceTree = "<group>";
		};
		1263F3902A2A4A8700CD5A05 /* Classes */ = {
			isa = PBXGroup;
			children = (
				12C72B772A2E840D00A2E136 /* CommonUI */,
				1263F3912A2A4A9A00CD5A05 /* Core */,
				1263F3922A2A4AA100CD5A05 /* Flows */,
				1263F3972A2A555600CD5A05 /* Coordinator.swift */,
			);
			path = Classes;
			sourceTree = "<group>";
		};
		1263F3912A2A4A9A00CD5A05 /* Core */ = {
			isa = PBXGroup;
			children = (
				12E7C2C22A2D4C37007C6AEB /* PropertyWrappers */,
				121D2F1D2A2BA54700BFF0B1 /* Location */,
				121D2F0D2A2A9A3600BFF0B1 /* Network */,
				12E7C2C02A2D49E1007C6AEB /* SelectedLocationRepository.swift */,
				12C72B752A2E72E000A2E136 /* SelectedWeatherLocation.swift */,
				12C72B732A2E42F600A2E136 /* Coordinate.swift */,
			);
			path = Core;
			sourceTree = "<group>";
		};
		1263F3922A2A4AA100CD5A05 /* Flows */ = {
			isa = PBXGroup;
			children = (
				121D2EF32A2A6A2700BFF0B1 /* Main */,
				121D2EF22A2A5FFC00BFF0B1 /* App */,
				121D2EFD2A2A70C100BFF0B1 /* Search */,
			);
			path = Flows;
			sourceTree = "<group>";
		};
		1263F39A2A2A569500CD5A05 /* Generated */ = {
			isa = PBXGroup;
			children = (
				1263F39B2A2A56EE00CD5A05 /* NeedleGenerated.swift */,
			);
			path = Generated;
			sourceTree = "<group>";
		};
		12C72B772A2E840D00A2E136 /* CommonUI */ = {
			isa = PBXGroup;
			children = (
				121D2F132A2AA28600BFF0B1 /* Extensions */,
				12C72B782A2E842E00A2E136 /* LoadingIndicatorView.swift */,
			);
			path = CommonUI;
			sourceTree = "<group>";
		};
		12E7C2B72A2D3B6B007C6AEB /* View */ = {
			isa = PBXGroup;
			children = (
				12E7C2AF2A2D3AEA007C6AEB /* SearchViewController.swift */,
				12E7C2B52A2D3B62007C6AEB /* SearchContentView.swift */,
			);
			path = View;
			sourceTree = "<group>";
		};
		12E7C2BA2A2D456F007C6AEB /* CurrentWeather */ = {
			isa = PBXGroup;
			children = (
				121D2F042A2A830A00BFF0B1 /* Weather.swift */,
				121D2F082A2A89B200BFF0B1 /* CurrentWeatherRequest.swift */,
				121D2F062A2A881000BFF0B1 /* WeatherMapper.swift */,
			);
			path = CurrentWeather;
			sourceTree = "<group>";
		};
		12E7C2BB2A2D4579007C6AEB /* Geocoding */ = {
			isa = PBXGroup;
			children = (
				12E7C2B82A2D4381007C6AEB /* GeocodeLocationRequest.swift */,
				12E7C2BC2A2D45FD007C6AEB /* WeatherLocation.swift */,
				12E7C2BE2A2D4775007C6AEB /* WeatherLocationMapper.swift */,
			);
			path = Geocoding;
			sourceTree = "<group>";
		};
		12E7C2C22A2D4C37007C6AEB /* PropertyWrappers */ = {
			isa = PBXGroup;
			children = (
				12E7C2C32A2D4C50007C6AEB /* UserDefaultsStorage.swift */,
			);
			path = PropertyWrappers;
			sourceTree = "<group>";
		};
/* End PBXGroup section */

/* Begin PBXNativeTarget section */
		1263F3772A2A48B700CD5A05 /* WeatherApp */ = {
			isa = PBXNativeTarget;
			buildConfigurationList = 1263F38C2A2A48BA00CD5A05 /* Build configuration list for PBXNativeTarget "WeatherApp" */;
			buildPhases = (
				1263F3992A2A567100CD5A05 /* Needle */,
				1263F3742A2A48B700CD5A05 /* Sources */,
				1263F3752A2A48B700CD5A05 /* Frameworks */,
				1263F3762A2A48B700CD5A05 /* Resources */,
			);
			buildRules = (
			);
			dependencies = (
			);
			name = WeatherApp;
			packageProductDependencies = (
				1263F3952A2A4F8900CD5A05 /* NeedleFoundation */,
				121D2F0B2A2A987700BFF0B1 /* Kingfisher */,
				122997432A3D19FB0073BFFB /* Toaster */,
			);
			productName = WeatherApp;
			productReference = 1263F3782A2A48B700CD5A05 /* WeatherApp.app */;
			productType = "com.apple.product-type.application";
		};
/* End PBXNativeTarget section */

/* Begin PBXProject section */
		1263F3702A2A48B700CD5A05 /* Project object */ = {
			isa = PBXProject;
			attributes = {
				BuildIndependentTargetsInParallel = 1;
				LastSwiftUpdateCheck = 1430;
				LastUpgradeCheck = 1430;
				TargetAttributes = {
					1263F3772A2A48B700CD5A05 = {
						CreatedOnToolsVersion = 14.3.1;
					};
				};
			};
			buildConfigurationList = 1263F3732A2A48B700CD5A05 /* Build configuration list for PBXProject "WeatherApp" */;
			compatibilityVersion = "Xcode 14.0";
			developmentRegion = en;
			hasScannedForEncodings = 0;
			knownRegions = (
				en,
				Base,
			);
			mainGroup = 1263F36F2A2A48B700CD5A05;
			packageReferences = (
				1263F3942A2A4F8900CD5A05 /* XCRemoteSwiftPackageReference "needle" */,
				121D2F0A2A2A987700BFF0B1 /* XCRemoteSwiftPackageReference "Kingfisher" */,
				122997422A3D19FB0073BFFB /* XCRemoteSwiftPackageReference "Toaster" */,
			);
			productRefGroup = 1263F3792A2A48B700CD5A05 /* Products */;
			projectDirPath = "";
			projectRoot = "";
			targets = (
				1263F3772A2A48B700CD5A05 /* WeatherApp */,
			);
		};
/* End PBXProject section */

/* Begin PBXResourcesBuildPhase section */
		1263F3762A2A48B700CD5A05 /* Resources */ = {
			isa = PBXResourcesBuildPhase;
			buildActionMask = 2147483647;
			files = (
				1263F3882A2A48BA00CD5A05 /* LaunchScreen.storyboard in Resources */,
				1263F3852A2A48BA00CD5A05 /* Assets.xcassets in Resources */,
			);
			runOnlyForDeploymentPostprocessing = 0;
		};
/* End PBXResourcesBuildPhase section */

/* Begin PBXShellScriptBuildPhase section */
		1263F3992A2A567100CD5A05 /* Needle */ = {
			isa = PBXShellScriptBuildPhase;
			alwaysOutOfDate = 1;
			buildActionMask = 2147483647;
			files = (
			);
			inputFileListPaths = (
			);
			inputPaths = (
			);
			name = Needle;
			outputFileListPaths = (
			);
			outputPaths = (
			);
			runOnlyForDeploymentPostprocessing = 0;
			shellPath = /bin/sh;
			shellScript = "export PATH=\"$PATH:/opt/homebrew/bin\"\nif which needle >/dev/null; then\n    export SOURCEKIT_LOGGING=0 && needle generate WeatherApp/Generated/NeedleGenerated.swift ./ --exclude-paths WeatherApp/Generated\nelse\n  echo \"warning: Needle not installed\"\nfi\n";
		};
/* End PBXShellScriptBuildPhase section */

/* Begin PBXSourcesBuildPhase section */
		1263F3742A2A48B700CD5A05 /* Sources */ = {
			isa = PBXSourcesBuildPhase;
			buildActionMask = 2147483647;
			files = (
				121D2F152A2AA2A400BFF0B1 /* UIViewController+Embed.swift in Sources */,
				1263F3982A2A555600CD5A05 /* Coordinator.swift in Sources */,
				12E7C2B62A2D3B62007C6AEB /* SearchContentView.swift in Sources */,
				12C72B792A2E842E00A2E136 /* LoadingIndicatorView.swift in Sources */,
				121D2F1C2A2AAC9B00BFF0B1 /* WeatherDisplayDomainModel.swift in Sources */,
				121D2F1F2A2BAA8100BFF0B1 /* LocationService.swift in Sources */,
				12E7C2BD2A2D45FD007C6AEB /* WeatherLocation.swift in Sources */,
				121D2EFC2A2A70BA00BFF0B1 /* SearchComponent.swift in Sources */,
				121D2F092A2A89B200BFF0B1 /* CurrentWeatherRequest.swift in Sources */,
				1263F3802A2A48B700CD5A05 /* WeatherDisplayViewController.swift in Sources */,
				1263F37C2A2A48B700CD5A05 /* AppDelegate.swift in Sources */,
				12E7C2C42A2D4C50007C6AEB /* UserDefaultsStorage.swift in Sources */,
				1263F37E2A2A48B700CD5A05 /* SceneDelegate.swift in Sources */,
				121D2EFA2A2A709C00BFF0B1 /* WeatherDisplayViewCoordinator.swift in Sources */,
				121D2F122A2A9B1700BFF0B1 /* WeatherSessionDecorator.swift in Sources */,
				121D2F052A2A830A00BFF0B1 /* Weather.swift in Sources */,
				12BC81142A3A270C00CECC44 /* Serializer.swift in Sources */,
				12C72B742A2E42F600A2E136 /* Coordinate.swift in Sources */,
				121D2EFF2A2A70D200BFF0B1 /* SearchViewCoordinator.swift in Sources */,
				121D2F032A2A813800BFF0B1 /* WeatherNetworkService.swift in Sources */,
				1263F39C2A2A56EE00CD5A05 /* NeedleGenerated.swift in Sources */,
				12E7C2B02A2D3AEA007C6AEB /* SearchViewController.swift in Sources */,
				12E7C2A92A2D15C2007C6AEB /* WeatherView.swift in Sources */,
				121D2EEF2A2A5A6400BFF0B1 /* AppComponent.swift in Sources */,
				12E7C2B22A2D3B4A007C6AEB /* SearchViewModel.swift in Sources */,
				12BC81122A38EF5600CECC44 /* Deserializer.swift in Sources */,
				121D2F192A2AAB5B00BFF0B1 /* WeatherDisplayViewModel.swift in Sources */,
				12BC81102A38D32E00CECC44 /* RequestDecorator.swift in Sources */,
				12C72B762A2E72E000A2E136 /* SelectedWeatherLocation.swift in Sources */,
				121D2EF82A2A708A00BFF0B1 /* WeatherDisplayComponent.swift in Sources */,
				121D2F072A2A881000BFF0B1 /* WeatherMapper.swift in Sources */,
				121D2F012A2A71C000BFF0B1 /* NetworkService.swift in Sources */,
				121D2EF12A2A5CA500BFF0B1 /* AppCoordinator.swift in Sources */,
				12E7C2C12A2D49E1007C6AEB /* SelectedLocationRepository.swift in Sources */,
				12E7C2B92A2D4381007C6AEB /* GeocodeLocationRequest.swift in Sources */,
				121D2F102A2A9AFC00BFF0B1 /* NetworkRequest.swift in Sources */,
				121D2F172A2AA4E500BFF0B1 /* WeatherDisplayContentView.swift in Sources */,
				12E7C2B42A2D3B55007C6AEB /* SearchDomainModel.swift in Sources */,
				12E7C2BF2A2D4775007C6AEB /* WeatherLocationMapper.swift in Sources */,
			);
			runOnlyForDeploymentPostprocessing = 0;
		};
/* End PBXSourcesBuildPhase section */

/* Begin PBXVariantGroup section */
		1263F3862A2A48BA00CD5A05 /* LaunchScreen.storyboard */ = {
			isa = PBXVariantGroup;
			children = (
				1263F3872A2A48BA00CD5A05 /* Base */,
			);
			name = LaunchScreen.storyboard;
			sourceTree = "<group>";
		};
/* End PBXVariantGroup section */

/* Begin XCBuildConfiguration section */
		1263F38A2A2A48BA00CD5A05 /* Debug */ = {
			isa = XCBuildConfiguration;
			buildSettings = {
				ALWAYS_SEARCH_USER_PATHS = NO;
				CLANG_ANALYZER_NONNULL = YES;
				CLANG_ANALYZER_NUMBER_OBJECT_CONVERSION = YES_AGGRESSIVE;
				CLANG_CXX_LANGUAGE_STANDARD = "gnu++20";
				CLANG_ENABLE_MODULES = YES;
				CLANG_ENABLE_OBJC_ARC = YES;
				CLANG_ENABLE_OBJC_WEAK = YES;
				CLANG_WARN_BLOCK_CAPTURE_AUTORELEASING = YES;
				CLANG_WARN_BOOL_CONVERSION = YES;
				CLANG_WARN_COMMA = YES;
				CLANG_WARN_CONSTANT_CONVERSION = YES;
				CLANG_WARN_DEPRECATED_OBJC_IMPLEMENTATIONS = YES;
				CLANG_WARN_DIRECT_OBJC_ISA_USAGE = YES_ERROR;
				CLANG_WARN_DOCUMENTATION_COMMENTS = YES;
				CLANG_WARN_EMPTY_BODY = YES;
				CLANG_WARN_ENUM_CONVERSION = YES;
				CLANG_WARN_INFINITE_RECURSION = YES;
				CLANG_WARN_INT_CONVERSION = YES;
				CLANG_WARN_NON_LITERAL_NULL_CONVERSION = YES;
				CLANG_WARN_OBJC_IMPLICIT_RETAIN_SELF = YES;
				CLANG_WARN_OBJC_LITERAL_CONVERSION = YES;
				CLANG_WARN_OBJC_ROOT_CLASS = YES_ERROR;
				CLANG_WARN_QUOTED_INCLUDE_IN_FRAMEWORK_HEADER = YES;
				CLANG_WARN_RANGE_LOOP_ANALYSIS = YES;
				CLANG_WARN_STRICT_PROTOTYPES = YES;
				CLANG_WARN_SUSPICIOUS_MOVE = YES;
				CLANG_WARN_UNGUARDED_AVAILABILITY = YES_AGGRESSIVE;
				CLANG_WARN_UNREACHABLE_CODE = YES;
				CLANG_WARN__DUPLICATE_METHOD_MATCH = YES;
				COPY_PHASE_STRIP = NO;
				DEBUG_INFORMATION_FORMAT = dwarf;
				ENABLE_STRICT_OBJC_MSGSEND = YES;
				ENABLE_TESTABILITY = YES;
				GCC_C_LANGUAGE_STANDARD = gnu11;
				GCC_DYNAMIC_NO_PIC = NO;
				GCC_NO_COMMON_BLOCKS = YES;
				GCC_OPTIMIZATION_LEVEL = 0;
				GCC_PREPROCESSOR_DEFINITIONS = (
					"DEBUG=1",
					"$(inherited)",
				);
				GCC_WARN_64_TO_32_BIT_CONVERSION = YES;
				GCC_WARN_ABOUT_RETURN_TYPE = YES_ERROR;
				GCC_WARN_UNDECLARED_SELECTOR = YES;
				GCC_WARN_UNINITIALIZED_AUTOS = YES_AGGRESSIVE;
				GCC_WARN_UNUSED_FUNCTION = YES;
				GCC_WARN_UNUSED_VARIABLE = YES;
				IPHONEOS_DEPLOYMENT_TARGET = 16.4;
				MTL_ENABLE_DEBUG_INFO = INCLUDE_SOURCE;
				MTL_FAST_MATH = YES;
				ONLY_ACTIVE_ARCH = YES;
				SDKROOT = iphoneos;
				SWIFT_ACTIVE_COMPILATION_CONDITIONS = DEBUG;
				SWIFT_OPTIMIZATION_LEVEL = "-Onone";
			};
			name = Debug;
		};
		1263F38B2A2A48BA00CD5A05 /* Release */ = {
			isa = XCBuildConfiguration;
			buildSettings = {
				ALWAYS_SEARCH_USER_PATHS = NO;
				CLANG_ANALYZER_NONNULL = YES;
				CLANG_ANALYZER_NUMBER_OBJECT_CONVERSION = YES_AGGRESSIVE;
				CLANG_CXX_LANGUAGE_STANDARD = "gnu++20";
				CLANG_ENABLE_MODULES = YES;
				CLANG_ENABLE_OBJC_ARC = YES;
				CLANG_ENABLE_OBJC_WEAK = YES;
				CLANG_WARN_BLOCK_CAPTURE_AUTORELEASING = YES;
				CLANG_WARN_BOOL_CONVERSION = YES;
				CLANG_WARN_COMMA = YES;
				CLANG_WARN_CONSTANT_CONVERSION = YES;
				CLANG_WARN_DEPRECATED_OBJC_IMPLEMENTATIONS = YES;
				CLANG_WARN_DIRECT_OBJC_ISA_USAGE = YES_ERROR;
				CLANG_WARN_DOCUMENTATION_COMMENTS = YES;
				CLANG_WARN_EMPTY_BODY = YES;
				CLANG_WARN_ENUM_CONVERSION = YES;
				CLANG_WARN_INFINITE_RECURSION = YES;
				CLANG_WARN_INT_CONVERSION = YES;
				CLANG_WARN_NON_LITERAL_NULL_CONVERSION = YES;
				CLANG_WARN_OBJC_IMPLICIT_RETAIN_SELF = YES;
				CLANG_WARN_OBJC_LITERAL_CONVERSION = YES;
				CLANG_WARN_OBJC_ROOT_CLASS = YES_ERROR;
				CLANG_WARN_QUOTED_INCLUDE_IN_FRAMEWORK_HEADER = YES;
				CLANG_WARN_RANGE_LOOP_ANALYSIS = YES;
				CLANG_WARN_STRICT_PROTOTYPES = YES;
				CLANG_WARN_SUSPICIOUS_MOVE = YES;
				CLANG_WARN_UNGUARDED_AVAILABILITY = YES_AGGRESSIVE;
				CLANG_WARN_UNREACHABLE_CODE = YES;
				CLANG_WARN__DUPLICATE_METHOD_MATCH = YES;
				COPY_PHASE_STRIP = NO;
				DEBUG_INFORMATION_FORMAT = "dwarf-with-dsym";
				ENABLE_NS_ASSERTIONS = NO;
				ENABLE_STRICT_OBJC_MSGSEND = YES;
				GCC_C_LANGUAGE_STANDARD = gnu11;
				GCC_NO_COMMON_BLOCKS = YES;
				GCC_WARN_64_TO_32_BIT_CONVERSION = YES;
				GCC_WARN_ABOUT_RETURN_TYPE = YES_ERROR;
				GCC_WARN_UNDECLARED_SELECTOR = YES;
				GCC_WARN_UNINITIALIZED_AUTOS = YES_AGGRESSIVE;
				GCC_WARN_UNUSED_FUNCTION = YES;
				GCC_WARN_UNUSED_VARIABLE = YES;
				IPHONEOS_DEPLOYMENT_TARGET = 16.4;
				MTL_ENABLE_DEBUG_INFO = NO;
				MTL_FAST_MATH = YES;
				SDKROOT = iphoneos;
				SWIFT_COMPILATION_MODE = wholemodule;
				SWIFT_OPTIMIZATION_LEVEL = "-O";
				VALIDATE_PRODUCT = YES;
			};
			name = Release;
		};
		1263F38D2A2A48BA00CD5A05 /* Debug */ = {
			isa = XCBuildConfiguration;
			buildSettings = {
				ASSETCATALOG_COMPILER_APPICON_NAME = AppIcon;
				ASSETCATALOG_COMPILER_GLOBAL_ACCENT_COLOR_NAME = AccentColor;
				CODE_SIGN_IDENTITY = "Apple Development";
				CODE_SIGN_STYLE = Automatic;
				CURRENT_PROJECT_VERSION = 1;
				DEVELOPMENT_TEAM = 2QT7DCXH4M;
				GENERATE_INFOPLIST_FILE = YES;
				INFOPLIST_FILE = WeatherApp/Resources/Info.plist;
				INFOPLIST_KEY_NSLocationAlwaysAndWhenInUseUsageDescription = "We need your location to show weather in your area";
				INFOPLIST_KEY_NSLocationWhenInUseUsageDescription = "We need your location to show weather in your area";
				INFOPLIST_KEY_UIApplicationSupportsIndirectInputEvents = YES;
				INFOPLIST_KEY_UILaunchStoryboardName = LaunchScreen;
				INFOPLIST_KEY_UISupportedInterfaceOrientations_iPad = "UIInterfaceOrientationPortrait UIInterfaceOrientationPortraitUpsideDown UIInterfaceOrientationLandscapeLeft UIInterfaceOrientationLandscapeRight";
				INFOPLIST_KEY_UISupportedInterfaceOrientations_iPhone = "UIInterfaceOrientationPortrait UIInterfaceOrientationLandscapeLeft UIInterfaceOrientationLandscapeRight";
				LD_RUNPATH_SEARCH_PATHS = (
					"$(inherited)",
					"@executable_path/Frameworks",
				);
				MARKETING_VERSION = 1.0;
				PRODUCT_BUNDLE_IDENTIFIER = com.darkmatter.WeatherApp1;
				PRODUCT_NAME = "$(TARGET_NAME)";
				PROVISIONING_PROFILE_SPECIFIER = "";
				SUPPORTED_PLATFORMS = "iphoneos iphonesimulator";
				SUPPORTS_MACCATALYST = NO;
				SUPPORTS_MAC_DESIGNED_FOR_IPHONE_IPAD = NO;
				SWIFT_EMIT_LOC_STRINGS = YES;
				SWIFT_VERSION = 5.0;
				TARGETED_DEVICE_FAMILY = 1;
			};
			name = Debug;
		};
		1263F38E2A2A48BA00CD5A05 /* Release */ = {
			isa = XCBuildConfiguration;
			buildSettings = {
				ASSETCATALOG_COMPILER_APPICON_NAME = AppIcon;
				ASSETCATALOG_COMPILER_GLOBAL_ACCENT_COLOR_NAME = AccentColor;
				CODE_SIGN_IDENTITY = "Apple Development";
				CODE_SIGN_STYLE = Automatic;
				CURRENT_PROJECT_VERSION = 1;
				DEVELOPMENT_TEAM = 2QT7DCXH4M;
				GENERATE_INFOPLIST_FILE = YES;
				INFOPLIST_FILE = WeatherApp/Resources/Info.plist;
				INFOPLIST_KEY_NSLocationAlwaysAndWhenInUseUsageDescription = "We need your location to show weather in your area";
				INFOPLIST_KEY_NSLocationWhenInUseUsageDescription = "We need your location to show weather in your area";
				INFOPLIST_KEY_UIApplicationSupportsIndirectInputEvents = YES;
				INFOPLIST_KEY_UILaunchStoryboardName = LaunchScreen;
				INFOPLIST_KEY_UISupportedInterfaceOrientations_iPad = "UIInterfaceOrientationPortrait UIInterfaceOrientationPortraitUpsideDown UIInterfaceOrientationLandscapeLeft UIInterfaceOrientationLandscapeRight";
				INFOPLIST_KEY_UISupportedInterfaceOrientations_iPhone = "UIInterfaceOrientationPortrait UIInterfaceOrientationLandscapeLeft UIInterfaceOrientationLandscapeRight";
				LD_RUNPATH_SEARCH_PATHS = (
					"$(inherited)",
					"@executable_path/Frameworks",
				);
				MARKETING_VERSION = 1.0;
				PRODUCT_BUNDLE_IDENTIFIER = com.darkmatter.WeatherApp1;
				PRODUCT_NAME = "$(TARGET_NAME)";
				PROVISIONING_PROFILE_SPECIFIER = "";
				SUPPORTED_PLATFORMS = "iphoneos iphonesimulator";
				SUPPORTS_MACCATALYST = NO;
				SUPPORTS_MAC_DESIGNED_FOR_IPHONE_IPAD = NO;
				SWIFT_EMIT_LOC_STRINGS = YES;
				SWIFT_VERSION = 5.0;
				TARGETED_DEVICE_FAMILY = 1;
			};
			name = Release;
		};
/* End XCBuildConfiguration section */

/* Begin XCConfigurationList section */
		1263F3732A2A48B700CD5A05 /* Build configuration list for PBXProject "WeatherApp" */ = {
			isa = XCConfigurationList;
			buildConfigurations = (
				1263F38A2A2A48BA00CD5A05 /* Debug */,
				1263F38B2A2A48BA00CD5A05 /* Release */,
			);
			defaultConfigurationIsVisible = 0;
			defaultConfigurationName = Release;
		};
		1263F38C2A2A48BA00CD5A05 /* Build configuration list for PBXNativeTarget "WeatherApp" */ = {
			isa = XCConfigurationList;
			buildConfigurations = (
				1263F38D2A2A48BA00CD5A05 /* Debug */,
				1263F38E2A2A48BA00CD5A05 /* Release */,
			);
			defaultConfigurationIsVisible = 0;
			defaultConfigurationName = Release;
		};
/* End XCConfigurationList section */

/* Begin XCRemoteSwiftPackageReference section */
		121D2F0A2A2A987700BFF0B1 /* XCRemoteSwiftPackageReference "Kingfisher" */ = {
			isa = XCRemoteSwiftPackageReference;
			repositoryURL = "https://github.com/onevcat/Kingfisher.git";
			requirement = {
				kind = upToNextMinorVersion;
				minimumVersion = 7.7.0;
			};
		};
		122997422A3D19FB0073BFFB /* XCRemoteSwiftPackageReference "Toaster" */ = {
			isa = XCRemoteSwiftPackageReference;
			repositoryURL = "https://github.com/DarthRumata/Toaster";
			requirement = {
				kind = upToNextMajorVersion;
				minimumVersion = 0.1.0;
			};
		};
		1263F3942A2A4F8900CD5A05 /* XCRemoteSwiftPackageReference "needle" */ = {
			isa = XCRemoteSwiftPackageReference;
			repositoryURL = "https://github.com/uber/needle.git";
			requirement = {
				kind = upToNextMinorVersion;
				minimumVersion = 0.23.0;
			};
		};
/* End XCRemoteSwiftPackageReference section */

/* Begin XCSwiftPackageProductDependency section */
		121D2F0B2A2A987700BFF0B1 /* Kingfisher */ = {
			isa = XCSwiftPackageProductDependency;
			package = 121D2F0A2A2A987700BFF0B1 /* XCRemoteSwiftPackageReference "Kingfisher" */;
			productName = Kingfisher;
		};
		122997432A3D19FB0073BFFB /* Toaster */ = {
			isa = XCSwiftPackageProductDependency;
			package = 122997422A3D19FB0073BFFB /* XCRemoteSwiftPackageReference "Toaster" */;
			productName = Toaster;
		};
		1263F3952A2A4F8900CD5A05 /* NeedleFoundation */ = {
			isa = XCSwiftPackageProductDependency;
			package = 1263F3942A2A4F8900CD5A05 /* XCRemoteSwiftPackageReference "needle" */;
			productName = NeedleFoundation;
		};
/* End XCSwiftPackageProductDependency section */
	};
	rootObject = 1263F3702A2A48B700CD5A05 /* Project object */;
}
