{
  "pins" : [
    {
      "identity" : "kingfisher",
      "kind" : "remoteSourceControl",
      "location" : "https://github.com/onevcat/Kingfisher.git",
      "state" : {
        "revision" : "e8625b80c413457b13ea9be75d07f6e9f5830c19",
        "version" : "7.7.0"
      }
    },
    {
      "identity" : "needle",
      "kind" : "remoteSourceControl",
      "location" : "https://github.com/uber/needle.git",
      "state" : {
        "revision" : "2f2856d4fbe8f8828ebda86e69960007f5577f37",
        "version" : "0.23.0"
      }
    },
    {
      "identity" : "toaster",
      "kind" : "remoteSourceControl",
      "location" : "https://github.com/DarthRumata/Toaster",
      "state" : {
        "revision" : "b0d9fd76ae0d01965b3554bc00a583e042febd02",
        "version" : "0.1.0"
      }
    }
  ],
  "version" : 2
}
